
Microsoft Visual Studio Solution File, Format Version 12.00
# Visual Studio Version 16
VisualStudioVersion = 16.0.31424.327
MinimumVisualStudioVersion = 10.0.40219.1
Project("{FAE04EC0-301F-11D3-BF4B-00C04F79EFBC}") = "PhotosArchive", "PhotosArchive\PhotosArchive.csproj", "{1F996D1D-261A-4252-8A7C-A9E10AA368EB}"
EndProject
Global
	GlobalSection(SolutionConfigurationPlatforms) = preSolution
		Debug|Any CPU = Debug|Any CPU
		Release|Any CPU = Release|Any CPU
	EndGlobalSection
	GlobalSection(ProjectConfigurationPlatforms) = postSolution
		{1F996D1D-261A-4252-8A7C-A9E10AA368EB}.Debug|Any CPU.ActiveCfg = Debug|Any CPU
		{1F996D1D-261A-4252-8A7C-A9E10AA368EB}.Debug|Any CPU.Build.0 = Debug|Any CPU
		{1F996D1D-261A-4252-8A7C-A9E10AA368EB}.Release|Any CPU.ActiveCfg = Release|Any CPU
		{1F996D1D-261A-4252-8A7C-A9E10AA368EB}.Release|Any CPU.Build.0 = Release|Any CPU
	EndGlobalSection
	GlobalSection(SolutionProperties) = preSolution
		HideSolutionNode = FALSE
	EndGlobalSection
	GlobalSection(ExtensibilityGlobals) = postSolution
		SolutionGuid = {A39BE7E2-59E8-4042-806F-AD61F0C3D1F4}
	EndGlobalSection
EndGlobal
